PODS:
  - Alamofire (4.5.1)
  - Moya (10.0.1):
    - Moya/Core (= 10.0.1)
  - Moya/Core (10.0.1):
    - Alamofire (~> 4.1)
    - Result (~> 3.0)
  - Result (3.2.4)

DEPENDENCIES:
  - Moya

SPEC CHECKSUMS:
  Alamofire: 2d95912bf4c34f164fdfc335872e8c312acaea4a
  Moya: 9e621707ff754eeb51ff3ec51a3d54e517c0733a
  Result: d2d07204ce72856f1fd9130bbe42c35a7b0fea10

PODFILE CHECKSUM: 6f720398b867f1cb851b1873b60ccd9959b9445b

COCOAPODS: 1.4.0.beta.2
